
Microsoft Visual Studio Solution File, Format Version 12.00
# Visual Studio Version 17
VisualStudioVersion = 17.0.31903.59
MinimumVisualStudioVersion = 10.0.40219.1
Project("{2150E333-8FDC-42A3-9474-1A3956D46DE8}") = "src", "src", "{827E0CD3-B72D-47B6-A68D-7590B98EB39B}"
EndProject
Project("{FAE04EC0-301F-11D3-BF4B-00C04F79EFBC}") = "OpenSettle.Money", "src\OpenSettle.Money\OpenSettle.Money.csproj", "{54D59770-30E1-4921-9604-E01B56BE0D78}"
EndProject
Project("{2150E333-8FDC-42A3-9474-1A3956D46DE8}") = "tests", "tests", "{0AB3BF05-4346-4AA6-1389-037BE0695223}"
EndProject
Project("{FAE04EC0-301F-11D3-BF4B-00C04F79EFBC}") = "OpenSettle.Money.Tests", "tests\OpenSettle.Money.Tests\OpenSettle.Money.Tests.csproj", "{5C9344C2-33F3-45A7-BCEC-C0D8AF7EB589}"
EndProject
Project("{FAE04EC0-301F-11D3-BF4B-00C04F79EFBC}") = "OpenSettle.Kafka", "src\OpenSettle.Kafka\OpenSettle.Kafka.csproj", "{4402AC4C-46CD-4299-8185-48CD1B2C5956}"
EndProject
Global
	GlobalSection(SolutionConfigurationPlatforms) = preSolution
		Debug|Any CPU = Debug|Any CPU
		Debug|x64 = Debug|x64
		Debug|x86 = Debug|x86
		Release|Any CPU = Release|Any CPU
		Release|x64 = Release|x64
		Release|x86 = Release|x86
	EndGlobalSection
	GlobalSection(ProjectConfigurationPlatforms) = postSolution
		{54D59770-30E1-4921-9604-E01B56BE0D78}.Debug|Any CPU.ActiveCfg = Debug|Any CPU
		{54D59770-30E1-4921-9604-E01B56BE0D78}.Debug|Any CPU.Build.0 = Debug|Any CPU
		{54D59770-30E1-4921-9604-E01B56BE0D78}.Debug|x64.ActiveCfg = Debug|Any CPU
		{54D59770-30E1-4921-9604-E01B56BE0D78}.Debug|x64.Build.0 = Debug|Any CPU
		{54D59770-30E1-4921-9604-E01B56BE0D78}.Debug|x86.ActiveCfg = Debug|Any CPU
		{54D59770-30E1-4921-9604-E01B56BE0D78}.Debug|x86.Build.0 = Debug|Any CPU
		{54D59770-30E1-4921-9604-E01B56BE0D78}.Release|Any CPU.ActiveCfg = Release|Any CPU
		{54D59770-30E1-4921-9604-E01B56BE0D78}.Release|Any CPU.Build.0 = Release|Any CPU
		{54D59770-30E1-4921-9604-E01B56BE0D78}.Release|x64.ActiveCfg = Release|Any CPU
		{54D59770-30E1-4921-9604-E01B56BE0D78}.Release|x64.Build.0 = Release|Any CPU
		{54D59770-30E1-4921-9604-E01B56BE0D78}.Release|x86.ActiveCfg = Release|Any CPU
		{54D59770-30E1-4921-9604-E01B56BE0D78}.Release|x86.Build.0 = Release|Any CPU
		{5C9344C2-33F3-45A7-BCEC-C0D8AF7EB589}.Debug|Any CPU.ActiveCfg = Debug|Any CPU
		{5C9344C2-33F3-45A7-BCEC-C0D8AF7EB589}.Debug|Any CPU.Build.0 = Debug|Any CPU
		{5C9344C2-33F3-45A7-BCEC-C0D8AF7EB589}.Debug|x64.ActiveCfg = Debug|Any CPU
		{5C9344C2-33F3-45A7-BCEC-C0D8AF7EB589}.Debug|x64.Build.0 = Debug|Any CPU
		{5C9344C2-33F3-45A7-BCEC-C0D8AF7EB589}.Debug|x86.ActiveCfg = Debug|Any CPU
		{5C9344C2-33F3-45A7-BCEC-C0D8AF7EB589}.Debug|x86.Build.0 = Debug|Any CPU
		{5C9344C2-33F3-45A7-BCEC-C0D8AF7EB589}.Release|Any CPU.ActiveCfg = Release|Any CPU
		{5C9344C2-33F3-45A7-BCEC-C0D8AF7EB589}.Release|Any CPU.Build.0 = Release|Any CPU
		{5C9344C2-33F3-45A7-BCEC-C0D8AF7EB589}.Release|x64.ActiveCfg = Release|Any CPU
		{5C9344C2-33F3-45A7-BCEC-C0D8AF7EB589}.Release|x64.Build.0 = Release|Any CPU
		{5C9344C2-33F3-45A7-BCEC-C0D8AF7EB589}.Release|x86.ActiveCfg = Release|Any CPU
		{5C9344C2-33F3-45A7-BCEC-C0D8AF7EB589}.Release|x86.Build.0 = Release|Any CPU
		{4402AC4C-46CD-4299-8185-48CD1B2C5956}.Debug|Any CPU.ActiveCfg = Debug|Any CPU
		{4402AC4C-46CD-4299-8185-48CD1B2C5956}.Debug|Any CPU.Build.0 = Debug|Any CPU
		{4402AC4C-46CD-4299-8185-48CD1B2C5956}.Debug|x64.ActiveCfg = Debug|Any CPU
		{4402AC4C-46CD-4299-8185-48CD1B2C5956}.Debug|x64.Build.0 = Debug|Any CPU
		{4402AC4C-46CD-4299-8185-48CD1B2C5956}.Debug|x86.ActiveCfg = Debug|Any CPU
		{4402AC4C-46CD-4299-8185-48CD1B2C5956}.Debug|x86.Build.0 = Debug|Any CPU
		{4402AC4C-46CD-4299-8185-48CD1B2C5956}.Release|Any CPU.ActiveCfg = Release|Any CPU
		{4402AC4C-46CD-4299-8185-48CD1B2C5956}.Release|Any CPU.Build.0 = Release|Any CPU
		{4402AC4C-46CD-4299-8185-48CD1B2C5956}.Release|x64.ActiveCfg = Release|Any CPU
		{4402AC4C-46CD-4299-8185-48CD1B2C5956}.Release|x64.Build.0 = Release|Any CPU
		{4402AC4C-46CD-4299-8185-48CD1B2C5956}.Release|x86.ActiveCfg = Release|Any CPU
		{4402AC4C-46CD-4299-8185-48CD1B2C5956}.Release|x86.Build.0 = Release|Any CPU
	EndGlobalSection
	GlobalSection(SolutionProperties) = preSolution
		HideSolutionNode = FALSE
	EndGlobalSection
	GlobalSection(NestedProjects) = preSolution
		{54D59770-30E1-4921-9604-E01B56BE0D78} = {827E0CD3-B72D-47B6-A68D-7590B98EB39B}
		{5C9344C2-33F3-45A7-BCEC-C0D8AF7EB589} = {0AB3BF05-4346-4AA6-1389-037BE0695223}
		{4402AC4C-46CD-4299-8185-48CD1B2C5956} = {827E0CD3-B72D-47B6-A68D-7590B98EB39B}
	EndGlobalSection
EndGlobal
